
Microsoft Visual Studio Solution File, Format Version 12.00
# Visual Studio Version 16
VisualStudioVersion = 16.0.31112.23
MinimumVisualStudioVersion = 10.0.40219.1
Project("{FAE04EC0-301F-11D3-BF4B-00C04F79EFBC}") = "UITService1", "UITService1\UITService1.csproj", "{89F69404-2A40-41BB-888E-F73CC9B1BF27}"
EndProject
Global
	GlobalSection(SolutionConfigurationPlatforms) = preSolution
		Debug|Any CPU = Debug|Any CPU
		Release|Any CPU = Release|Any CPU
	EndGlobalSection
	GlobalSection(ProjectConfigurationPlatforms) = postSolution
		{89F69404-2A40-41BB-888E-F73CC9B1BF27}.Debug|Any CPU.ActiveCfg = Debug|Any CPU
		{89F69404-2A40-41BB-888E-F73CC9B1BF27}.Debug|Any CPU.Build.0 = Debug|Any CPU
		{89F69404-2A40-41BB-888E-F73CC9B1BF27}.Release|Any CPU.ActiveCfg = Release|Any CPU
		{89F69404-2A40-41BB-888E-F73CC9B1BF27}.Release|Any CPU.Build.0 = Release|Any CPU
	EndGlobalSection
	GlobalSection(SolutionProperties) = preSolution
		HideSolutionNode = FALSE
	EndGlobalSection
	GlobalSection(ExtensibilityGlobals) = postSolution
		SolutionGuid = {1D2BFA87-9522-4F51-B2FB-A30E7CB2ED8B}
	EndGlobalSection
EndGlobal
